PODS:
  - CocoaAsyncSocket (7.6.5)
  - YCLog (1.0.2):
    - CocoaAsyncSocket

DEPENDENCIES:
  - CocoaAsyncSocket
  - YCLog (from `.`)

SPEC REPOS:
  trunk:
    - CocoaAsyncSocket

EXTERNAL SOURCES:
  YCLog:
    :path: "."

SPEC CHECKSUMS:
  CocoaAsyncSocket: 065fd1e645c7abab64f7a6a2007a48038fdc6a99
  YCLog: 76277f2037d14bf5e29e7bc2d005c9284a789ae8

PODFILE CHECKSUM: 7ec184b7030ce3b22acdc3cddade9524bbf5079a

COCOAPODS: 1.10.1
