PODS:
  - CocoaAsyncSocket (7.6.5)
  - YCLog (1.0.3):
    - CocoaAsyncSocket

DEPENDENCIES:
  - CocoaAsyncSocket
  - YCLog (from `.`)

SPEC REPOS:
  trunk:
    - CocoaAsyncSocket

EXTERNAL SOURCES:
  YCLog:
    :path: "."

SPEC CHECKSUMS:
  CocoaAsyncSocket: 065fd1e645c7abab64f7a6a2007a48038fdc6a99
  YCLog: c4955faa21c6229b2e83f3dece02ca156dc197e6

PODFILE CHECKSUM: 74841a0ad2c22020e8e8c01e853709978431b425

COCOAPODS: 1.10.1
