// !$*UTF8*$!
{
	archiveVersion = 1;
	classes = {
	};
	objectVersion = 48;
	objects = {

/* Begin PBXBuildFile section */
		35EC3BF1202C222F00AE00C2 /* AppDelegate.m in Sources */ = {isa = PBXBuildFile; fileRef = 35EC3BF0202C222F00AE00C2 /* AppDelegate.m */; };
		35EC3BF4202C222F00AE00C2 /* ViewController.m in Sources */ = {isa = PBXBuildFile; fileRef = 35EC3BF3202C222F00AE00C2 /* ViewController.m */; };
		35EC3BF9202C222F00AE00C2 /* Assets.xcassets in Resources */ = {isa = PBXBuildFile; fileRef = 35EC3BF8202C222F00AE00C2 /* Assets.xcassets */; };
		35EC3BFF202C222F00AE00C2 /* main.m in Sources */ = {isa = PBXBuildFile; fileRef = 35EC3BFE202C222F00AE00C2 /* main.m */; };
		35EC3C07202C29F900AE00C2 /* CoreFoundation.framework in Frameworks */ = {isa = PBXBuildFile; fileRef = 35EC3C06202C29F800AE00C2 /* CoreFoundation.framework */; };
/* End PBXBuildFile section */

/* Begin PBXFileReference section */
		35EC3BEC202C222F00AE00C2 /* YCLog.app */ = {isa = PBXFileReference; explicitFileType = wrapper.application; includeInIndex = 0; path = YCLog.app; sourceTree = BUILT_PRODUCTS_DIR; };
		35EC3BEF202C222F00AE00C2 /* AppDelegate.h */ = {isa = PBXFileReference; lastKnownFileType = sourcecode.c.h; path = AppDelegate.h; sourceTree = "<group>"; };
		35EC3BF0202C222F00AE00C2 /* AppDelegate.m */ = {isa = PBXFileReference; lastKnownFileType = sourcecode.c.objc; path = AppDelegate.m; sourceTree = "<group>"; };
		35EC3BF2202C222F00AE00C2 /* ViewController.h */ = {isa = PBXFileReference; lastKnownFileType = sourcecode.c.h; path = ViewController.h; sourceTree = "<group>"; };
		35EC3BF3202C222F00AE00C2 /* ViewController.m */ = {isa = PBXFileReference; lastKnownFileType = sourcecode.c.objc; path = ViewController.m; sourceTree = "<group>"; };
		35EC3BF8202C222F00AE00C2 /* Assets.xcassets */ = {isa = PBXFileReference; lastKnownFileType = folder.assetcatalog; path = Assets.xcassets; sourceTree = "<group>"; };
		35EC3BFD202C222F00AE00C2 /* Info.plist */ = {isa = PBXFileReference; lastKnownFileType = text.plist.xml; path = Info.plist; sourceTree = "<group>"; };
		35EC3BFE202C222F00AE00C2 /* main.m */ = {isa = PBXFileReference; lastKnownFileType = sourcecode.c.objc; path = main.m; sourceTree = "<group>"; };
		35EC3C06202C29F800AE00C2 /* CoreFoundation.framework */ = {isa = PBXFileReference; lastKnownFileType = wrapper.framework; name = CoreFoundation.framework; path = System/Library/Frameworks/CoreFoundation.framework; sourceTree = SDKROOT; };
		35EC3C08202C322700AE00C2 /* YCLog.h */ = {isa = PBXFileReference; lastKnownFileType = sourcecode.c.h; path = YCLog.h; sourceTree = "<group>"; };
/* End PBXFileReference section */

/* Begin PBXFrameworksBuildPhase section */
		35EC3BE9202C222F00AE00C2 /* Frameworks */ = {
			isa = PBXFrameworksBuildPhase;
			buildActionMask = 2147483647;
			files = (
				35EC3C07202C29F900AE00C2 /* CoreFoundation.framework in Frameworks */,
			);
			runOnlyForDeploymentPostprocessing = 0;
		};
/* End PBXFrameworksBuildPhase section */

/* Begin PBXGroup section */
		35EC3BE3202C222F00AE00C2 = {
			isa = PBXGroup;
			children = (
				35EC3BEE202C222F00AE00C2 /* YCLog */,
				35EC3BED202C222F00AE00C2 /* Products */,
				35EC3C05202C29F800AE00C2 /* Frameworks */,
			);
			sourceTree = "<group>";
		};
		35EC3BED202C222F00AE00C2 /* Products */ = {
			isa = PBXGroup;
			children = (
				35EC3BEC202C222F00AE00C2 /* YCLog.app */,
			);
			name = Products;
			sourceTree = "<group>";
		};
		35EC3BEE202C222F00AE00C2 /* YCLog */ = {
			isa = PBXGroup;
			children = (
				35EC3C08202C322700AE00C2 /* YCLog.h */,
				35EC3BEF202C222F00AE00C2 /* AppDelegate.h */,
				35EC3BF0202C222F00AE00C2 /* AppDelegate.m */,
				35EC3BF2202C222F00AE00C2 /* ViewController.h */,
				35EC3BF3202C222F00AE00C2 /* ViewController.m */,
				35EC3BF8202C222F00AE00C2 /* Assets.xcassets */,
				35EC3BFD202C222F00AE00C2 /* Info.plist */,
				35EC3BFE202C222F00AE00C2 /* main.m */,
			);
			path = YCLog;
			sourceTree = "<group>";
		};
		35EC3C05202C29F800AE00C2 /* Frameworks */ = {
			isa = PBXGroup;
			children = (
				35EC3C06202C29F800AE00C2 /* CoreFoundation.framework */,
			);
			name = Frameworks;
			sourceTree = "<group>";
		};
/* End PBXGroup section */

/* Begin PBXNativeTarget section */
		35EC3BEB202C222F00AE00C2 /* YCLog */ = {
			isa = PBXNativeTarget;
			buildConfigurationList = 35EC3C02202C222F00AE00C2 /* Build configuration list for PBXNativeTarget "YCLog" */;
			buildPhases = (
				35EC3BE8202C222F00AE00C2 /* Sources */,
				35EC3BE9202C222F00AE00C2 /* Frameworks */,
				35EC3BEA202C222F00AE00C2 /* Resources */,
			);
			buildRules = (
			);
			dependencies = (
			);
			name = YCLog;
			productName = YCLog;
			productReference = 35EC3BEC202C222F00AE00C2 /* YCLog.app */;
			productType = "com.apple.product-type.application";
		};
/* End PBXNativeTarget section */

/* Begin PBXProject section */
		35EC3BE4202C222F00AE00C2 /* Project object */ = {
			isa = PBXProject;
			attributes = {
				LastUpgradeCheck = 0920;
				ORGANIZATIONNAME = wz;
				TargetAttributes = {
					35EC3BEB202C222F00AE00C2 = {
						CreatedOnToolsVersion = 9.2;
						ProvisioningStyle = Automatic;
					};
				};
			};
			buildConfigurationList = 35EC3BE7202C222F00AE00C2 /* Build configuration list for PBXProject "YCLog" */;
			compatibilityVersion = "Xcode 8.0";
			developmentRegion = en;
			hasScannedForEncodings = 0;
			knownRegions = (
				en,
				Base,
			);
			mainGroup = 35EC3BE3202C222F00AE00C2;
			productRefGroup = 35EC3BED202C222F00AE00C2 /* Products */;
			projectDirPath = "";
			projectRoot = "";
			targets = (
				35EC3BEB202C222F00AE00C2 /* YCLog */,
			);
		};
/* End PBXProject section */

/* Begin PBXResourcesBuildPhase section */
		35EC3BEA202C222F00AE00C2 /* Resources */ = {
			isa = PBXResourcesBuildPhase;
			buildActionMask = 2147483647;
			files = (
				35EC3BF9202C222F00AE00C2 /* Assets.xcassets in Resources */,
			);
			runOnlyForDeploymentPostprocessing = 0;
		};
/* End PBXResourcesBuildPhase section */

/* Begin PBXSourcesBuildPhase section */
		35EC3BE8202C222F00AE00C2 /* Sources */ = {
			isa = PBXSourcesBuildPhase;
			buildActionMask = 2147483647;
			files = (
				35EC3BF4202C222F00AE00C2 /* ViewController.m in Sources */,
				35EC3BFF202C222F00AE00C2 /* main.m in Sources */,
				35EC3BF1202C222F00AE00C2 /* AppDelegate.m in Sources */,
			);
			runOnlyForDeploymentPostprocessing = 0;
		};
/* End PBXSourcesBuildPhase section */

/* Begin XCBuildConfiguration section */
		35EC3C00202C222F00AE00C2 /* Debug */ = {
			isa = XCBuildConfiguration;
			buildSettings = {
				ALWAYS_SEARCH_USER_PATHS = NO;
				CLANG_ANALYZER_NONNULL = YES;
				CLANG_ANALYZER_NUMBER_OBJECT_CONVERSION = YES_AGGRESSIVE;
				CLANG_CXX_LANGUAGE_STANDARD = "gnu++14";
				CLANG_CXX_LIBRARY = "libc++";
				CLANG_ENABLE_MODULES = YES;
				CLANG_ENABLE_OBJC_ARC = YES;
				CLANG_WARN_BLOCK_CAPTURE_AUTORELEASING = YES;
				CLANG_WARN_BOOL_CONVERSION = YES;
				CLANG_WARN_COMMA = YES;
				CLANG_WARN_CONSTANT_CONVERSION = YES;
				CLANG_WARN_DIRECT_OBJC_ISA_USAGE = YES_ERROR;
				CLANG_WARN_DOCUMENTATION_COMMENTS = YES;
				CLANG_WARN_EMPTY_BODY = YES;
				CLANG_WARN_ENUM_CONVERSION = YES;
				CLANG_WARN_INFINITE_RECURSION = YES;
				CLANG_WARN_INT_CONVERSION = YES;
				CLANG_WARN_NON_LITERAL_NULL_CONVERSION = YES;
				CLANG_WARN_OBJC_LITERAL_CONVERSION = YES;
				CLANG_WARN_OBJC_ROOT_CLASS = YES_ERROR;
				CLANG_WARN_RANGE_LOOP_ANALYSIS = YES;
				CLANG_WARN_STRICT_PROTOTYPES = YES;
				CLANG_WARN_SUSPICIOUS_MOVE = YES;
				CLANG_WARN_UNGUARDED_AVAILABILITY = YES_AGGRESSIVE;
				CLANG_WARN_UNREACHABLE_CODE = YES;
				CLANG_WARN__DUPLICATE_METHOD_MATCH = YES;
				CODE_SIGN_IDENTITY = "iPhone Developer";
				COPY_PHASE_STRIP = NO;
				DEBUG_INFORMATION_FORMAT = dwarf;
				ENABLE_STRICT_OBJC_MSGSEND = YES;
				ENABLE_TESTABILITY = YES;
				GCC_C_LANGUAGE_STANDARD = gnu11;
				GCC_DYNAMIC_NO_PIC = NO;
				GCC_NO_COMMON_BLOCKS = YES;
				GCC_OPTIMIZATION_LEVEL = 0;
				GCC_PREPROCESSOR_DEFINITIONS = (
					"DEBUG=1",
					"$(inherited)",
				);
				GCC_WARN_64_TO_32_BIT_CONVERSION = YES;
				GCC_WARN_ABOUT_RETURN_TYPE = YES_ERROR;
				GCC_WARN_UNDECLARED_SELECTOR = YES;
				GCC_WARN_UNINITIALIZED_AUTOS = YES_AGGRESSIVE;
				GCC_WARN_UNUSED_FUNCTION = YES;
				GCC_WARN_UNUSED_VARIABLE = YES;
				IPHONEOS_DEPLOYMENT_TARGET = 11.2;
				MTL_ENABLE_DEBUG_INFO = YES;
				ONLY_ACTIVE_ARCH = YES;
				SDKROOT = iphoneos;
			};
			name = Debug;
		};
		35EC3C01202C222F00AE00C2 /* Release */ = {
			isa = XCBuildConfiguration;
			buildSettings = {
				ALWAYS_SEARCH_USER_PATHS = NO;
				CLANG_ANALYZER_NONNULL = YES;
				CLANG_ANALYZER_NUMBER_OBJECT_CONVERSION = YES_AGGRESSIVE;
				CLANG_CXX_LANGUAGE_STANDARD = "gnu++14";
				CLANG_CXX_LIBRARY = "libc++";
				CLANG_ENABLE_MODULES = YES;
				CLANG_ENABLE_OBJC_ARC = YES;
				CLANG_WARN_BLOCK_CAPTURE_AUTORELEASING = YES;
				CLANG_WARN_BOOL_CONVERSION = YES;
				CLANG_WARN_COMMA = YES;
				CLANG_WARN_CONSTANT_CONVERSION = YES;
				CLANG_WARN_DIRECT_OBJC_ISA_USAGE = YES_ERROR;
				CLANG_WARN_DOCUMENTATION_COMMENTS = YES;
				CLANG_WARN_EMPTY_BODY = YES;
				CLANG_WARN_ENUM_CONVERSION = YES;
				CLANG_WARN_INFINITE_RECURSION = YES;
				CLANG_WARN_INT_CONVERSION = YES;
				CLANG_WARN_NON_LITERAL_NULL_CONVERSION = YES;
				CLANG_WARN_OBJC_LITERAL_CONVERSION = YES;
				CLANG_WARN_OBJC_ROOT_CLASS = YES_ERROR;
				CLANG_WARN_RANGE_LOOP_ANALYSIS = YES;
				CLANG_WARN_STRICT_PROTOTYPES = YES;
				CLANG_WARN_SUSPICIOUS_MOVE = YES;
				CLANG_WARN_UNGUARDED_AVAILABILITY = YES_AGGRESSIVE;
				CLANG_WARN_UNREACHABLE_CODE = YES;
				CLANG_WARN__DUPLICATE_METHOD_MATCH = YES;
				CODE_SIGN_IDENTITY = "iPhone Developer";
				COPY_PHASE_STRIP = NO;
				DEBUG_INFORMATION_FORMAT = "dwarf-with-dsym";
				ENABLE_NS_ASSERTIONS = NO;
				ENABLE_STRICT_OBJC_MSGSEND = YES;
				GCC_C_LANGUAGE_STANDARD = gnu11;
				GCC_NO_COMMON_BLOCKS = YES;
				GCC_WARN_64_TO_32_BIT_CONVERSION = YES;
				GCC_WARN_ABOUT_RETURN_TYPE = YES_ERROR;
				GCC_WARN_UNDECLARED_SELECTOR = YES;
				GCC_WARN_UNINITIALIZED_AUTOS = YES_AGGRESSIVE;
				GCC_WARN_UNUSED_FUNCTION = YES;
				GCC_WARN_UNUSED_VARIABLE = YES;
				IPHONEOS_DEPLOYMENT_TARGET = 11.2;
				MTL_ENABLE_DEBUG_INFO = NO;
				SDKROOT = iphoneos;
				VALIDATE_PRODUCT = YES;
			};
			name = Release;
		};
		35EC3C03202C222F00AE00C2 /* Debug */ = {
			isa = XCBuildConfiguration;
			buildSettings = {
				ASSETCATALOG_COMPILER_APPICON_NAME = AppIcon;
				CODE_SIGN_STYLE = Automatic;
				DEVELOPMENT_TEAM = 6QXR4W42GG;
				INFOPLIST_FILE = YCLog/Info.plist;
				IPHONEOS_DEPLOYMENT_TARGET = 8.0;
				LD_RUNPATH_SEARCH_PATHS = "$(inherited) @executable_path/Frameworks";
				PRODUCT_BUNDLE_IDENTIFIER = cc.onezen.YCLog;
				PRODUCT_NAME = "$(TARGET_NAME)";
				TARGETED_DEVICE_FAMILY = "1,2";
			};
			name = Debug;
		};
		35EC3C04202C222F00AE00C2 /* Release */ = {
			isa = XCBuildConfiguration;
			buildSettings = {
				ASSETCATALOG_COMPILER_APPICON_NAME = AppIcon;
				CODE_SIGN_STYLE = Automatic;
				DEVELOPMENT_TEAM = 6QXR4W42GG;
				INFOPLIST_FILE = YCLog/Info.plist;
				IPHONEOS_DEPLOYMENT_TARGET = 8.0;
				LD_RUNPATH_SEARCH_PATHS = "$(inherited) @executable_path/Frameworks";
				PRODUCT_BUNDLE_IDENTIFIER = cc.onezen.YCLog;
				PRODUCT_NAME = "$(TARGET_NAME)";
				TARGETED_DEVICE_FAMILY = "1,2";
			};
			name = Release;
		};
/* End XCBuildConfiguration section */

/* Begin XCConfigurationList section */
		35EC3BE7202C222F00AE00C2 /* Build configuration list for PBXProject "YCLog" */ = {
			isa = XCConfigurationList;
			buildConfigurations = (
				35EC3C00202C222F00AE00C2 /* Debug */,
				35EC3C01202C222F00AE00C2 /* Release */,
			);
			defaultConfigurationIsVisible = 0;
			defaultConfigurationName = Release;
		};
		35EC3C02202C222F00AE00C2 /* Build configuration list for PBXNativeTarget "YCLog" */ = {
			isa = XCConfigurationList;
			buildConfigurations = (
				35EC3C03202C222F00AE00C2 /* Debug */,
				35EC3C04202C222F00AE00C2 /* Release */,
			);
			defaultConfigurationIsVisible = 0;
			defaultConfigurationName = Release;
		};
/* End XCConfigurationList section */
	};
	rootObject = 35EC3BE4202C222F00AE00C2 /* Project object */;
}
